
Microsoft Visual Studio Solution File, Format Version 12.00
# Visual Studio Version 17
VisualStudioVersion = 17.7.34024.191
MinimumVisualStudioVersion = 10.0.40219.1
Project("{FAE04EC0-301F-11D3-BF4B-00C04F79EFBC}") = "WeatherArchive", "WeatherArchive.csproj", "{95FD2760-6704-4EEC-A082-EF65D9E4D620}"
EndProject
Global
	GlobalSection(SolutionConfigurationPlatforms) = preSolution
		Debug|Any CPU = Debug|Any CPU
		Release|Any CPU = Release|Any CPU
	EndGlobalSection
	GlobalSection(ProjectConfigurationPlatforms) = postSolution
		{95FD2760-6704-4EEC-A082-EF65D9E4D620}.Debug|Any CPU.ActiveCfg = Debug|Any CPU
		{95FD2760-6704-4EEC-A082-EF65D9E4D620}.Debug|Any CPU.Build.0 = Debug|Any CPU
		{95FD2760-6704-4EEC-A082-EF65D9E4D620}.Release|Any CPU.ActiveCfg = Release|Any CPU
		{95FD2760-6704-4EEC-A082-EF65D9E4D620}.Release|Any CPU.Build.0 = Release|Any CPU
	EndGlobalSection
	GlobalSection(SolutionProperties) = preSolution
		HideSolutionNode = FALSE
	EndGlobalSection
	GlobalSection(ExtensibilityGlobals) = postSolution
		SolutionGuid = {2DEDA385-5A84-4309-A45F-0B12F184D17C}
	EndGlobalSection
EndGlobal
